{
  "name": "songg",
  "version": "1.0.0",
  "lockfileVersion": 1,
  "requires": true,
  "dependencies": {
    "accepts": {
      "version": "1.1.4",
      "resolved": "https://registry.npmjs.org/accepts/-/accepts-1.1.4.tgz",
      "integrity": "sha1-1xyW99QdD+2iw4zRToonwEFY30o=",
      "requires": {
        "mime-types": "2.0.14",
        "negotiator": "0.4.9"
      }
    },
    "as-arr": {
      "version": "1.0.0",
      "resolved": "https://registry.npmjs.org/as-arr/-/as-arr-1.0.0.tgz",
      "integrity": "sha1-+HRo/lGCc6/5oObCRQDUh9+gito="
    },
    "backbone": {
      "version": "1.3.3",
      "resolved": "https://registry.npmjs.org/backbone/-/backbone-1.3.3.tgz",
      "integrity": "sha1-TMgOp8sWMaxHSInOQPL4vGg7KZk=",
      "requires": {
        "underscore": "1.8.3"
      }
    },
    "balanced-match": {
      "version": "1.0.0",
      "resolved": "https://registry.npmjs.org/balanced-match/-/balanced-match-1.0.0.tgz",
      "integrity": "sha1-ibTRmasr7kneFk6gK4nORi1xt2c=",
      "dev": true
    },
    "brace-expansion": {
      "version": "1.1.8",
      "resolved": "https://registry.npmjs.org/brace-expansion/-/brace-expansion-1.1.8.tgz",
      "integrity": "sha1-wHshHHyVLsH479Uad+8NHTmQopI=",
      "dev": true,
      "requires": {
        "balanced-match": "1.0.0",
        "concat-map": "0.0.1"
      }
    },
    "builtin-modules": {
      "version": "1.1.1",
      "resolved": "https://registry.npmjs.org/builtin-modules/-/builtin-modules-1.1.1.tgz",
      "integrity": "sha1-Jw8HbFpywC9bZaR9+Uxf46J4iS8=",
      "dev": true
    },
    "chord-dictionary": {
      "version": "1.0.0",
      "resolved": "https://registry.npmjs.org/chord-dictionary/-/chord-dictionary-1.0.0.tgz",
      "integrity": "sha1-GY18/NNQs9+iMMb1gaFeaMYseXA="
    },
    "concat-map": {
      "version": "0.0.1",
      "resolved": "https://registry.npmjs.org/concat-map/-/concat-map-0.0.1.tgz",
      "integrity": "sha1-2Klr13/Wjfd5OnMDajug1UBdR3s=",
      "dev": true
    },
    "contains-path": {
      "version": "0.1.0",
      "resolved": "https://registry.npmjs.org/contains-path/-/contains-path-0.1.0.tgz",
      "integrity": "sha1-/ozxhP9mcLa67wGp1IYaXL7EEgo=",
      "dev": true
    },
    "cookie": {
      "version": "0.1.2",
      "resolved": "https://registry.npmjs.org/cookie/-/cookie-0.1.2.tgz",
      "integrity": "sha1-cv7D0k5Io0Mgc9kMEmQgBQYQBLE="
    },
    "cookie-signature": {
      "version": "1.0.5",
      "resolved": "https://registry.npmjs.org/cookie-signature/-/cookie-signature-1.0.5.tgz",
      "integrity": "sha1-oSLj8VA+yg9TVXlbBxG7I2jUUPk="
    },
    "crc": {
      "version": "3.0.0",
      "resolved": "https://registry.npmjs.org/crc/-/crc-3.0.0.tgz",
      "integrity": "sha1-0R6X7ESoROXrFadPoseHXQqsSyI="
    },
    "debug": {
      "version": "2.0.0",
      "resolved": "https://registry.npmjs.org/debug/-/debug-2.0.0.tgz",
      "integrity": "sha1-ib2d9nMrUSVrxnBTQrugLtEhMe8=",
      "requires": {
        "ms": "0.6.2"
      }
    },
    "depd": {
      "version": "0.4.5",
      "resolved": "https://registry.npmjs.org/depd/-/depd-0.4.5.tgz",
      "integrity": "sha1-GmZLUziLSmVz6K5ntfdnxpPKl/E="
    },
    "destroy": {
      "version": "1.0.3",
      "resolved": "https://registry.npmjs.org/destroy/-/destroy-1.0.3.tgz",
      "integrity": "sha1-tDO0ck5x/YVR2YhRdIUcX8N34sk="
    },
    "doctrine": {
      "version": "1.5.0",
      "resolved": "https://registry.npmjs.org/doctrine/-/doctrine-1.5.0.tgz",
      "integrity": "sha1-N53Ocw9hZvds76TmcHoVmwLFpvo=",
      "dev": true,
      "requires": {
        "esutils": "2.0.2",
        "isarray": "1.0.0"
      }
    },
    "ee-first": {
      "version": "1.1.0",
      "resolved": "https://registry.npmjs.org/ee-first/-/ee-first-1.1.0.tgz",
      "integrity": "sha1-ag18YiHkkP7v2S7D9EHJzozQl/Q="
    },
    "ejs": {
      "version": "2.5.5",
      "resolved": "https://registry.npmjs.org/ejs/-/ejs-2.5.5.tgz",
      "integrity": "sha1-bvTpVOp9z1T2aq0v56pCGTLZ7Xc="
    },
    "enharmonics": {
      "version": "1.0.3",
      "resolved": "https://registry.npmjs.org/enharmonics/-/enharmonics-1.0.3.tgz",
      "integrity": "sha1-3ej1/e5evxt8dMJs2mIekCkTfYw=",
      "requires": {
        "note-transposer": "1.0.4"
      }
    },
    "error-ex": {
      "version": "1.3.1",
      "resolved": "https://registry.npmjs.org/error-ex/-/error-ex-1.3.1.tgz",
      "integrity": "sha1-+FWobOYa3E6GIcPNoh56dhLDqNw=",
      "dev": true,
      "requires": {
        "is-arrayish": "0.2.1"
      }
    },
    "escape-html": {
      "version": "1.0.1",
      "resolved": "https://registry.npmjs.org/escape-html/-/escape-html-1.0.1.tgz",
      "integrity": "sha1-GBoobq05ejmpKFfPsdQwUuNWv/A="
    },
    "eslint-config-standard": {
      "version": "11.0.0-beta.0",
      "resolved": "https://registry.npmjs.org/eslint-config-standard/-/eslint-config-standard-11.0.0-beta.0.tgz",
      "integrity": "sha512-f+vs5HAHQo7NRZ3hVe+UVdT5DbebMNaFTWFp95orJ0LUdYPoWdM8xw/bMeO/IZMvHOPmIteGKGc2QOhSXd5nRg==",
      "dev": true
    },
    "eslint-import-resolver-node": {
      "version": "0.3.1",
      "resolved": "https://registry.npmjs.org/eslint-import-resolver-node/-/eslint-import-resolver-node-0.3.1.tgz",
      "integrity": "sha512-yUtXS15gIcij68NmXmP9Ni77AQuCN0itXbCc/jWd8C6/yKZaSNXicpC8cgvjnxVdmfsosIXrjpzFq7GcDryb6A==",
      "dev": true,
      "requires": {
        "debug": "2.6.9",
        "resolve": "1.5.0"
      },
      "dependencies": {
        "debug": {
          "version": "2.6.9",
          "resolved": "https://registry.npmjs.org/debug/-/debug-2.6.9.tgz",
          "integrity": "sha512-bC7ElrdJaJnPbAP+1EotYvqZsb3ecl5wi6Bfi6BJTUcNowp6cvspg0jXznRTKDjm/E7AdgFBVeAPVMNcKGsHMA==",
          "dev": true,
          "requires": {
            "ms": "2.0.0"
          }
        },
        "ms": {
          "version": "2.0.0",
          "resolved": "https://registry.npmjs.org/ms/-/ms-2.0.0.tgz",
          "integrity": "sha1-VgiurfwAvmwpAd9fmGF4jeDVl8g=",
          "dev": true
        }
      }
    },
    "eslint-module-utils": {
      "version": "2.1.1",
      "resolved": "https://registry.npmjs.org/eslint-module-utils/-/eslint-module-utils-2.1.1.tgz",
      "integrity": "sha512-jDI/X5l/6D1rRD/3T43q8Qgbls2nq5km5KSqiwlyUbGo5+04fXhMKdCPhjwbqAa6HXWaMxj8Q4hQDIh7IadJQw==",
      "dev": true,
      "requires": {
        "debug": "2.6.9",
        "pkg-dir": "1.0.0"
      },
      "dependencies": {
        "debug": {
          "version": "2.6.9",
          "resolved": "https://registry.npmjs.org/debug/-/debug-2.6.9.tgz",
          "integrity": "sha512-bC7ElrdJaJnPbAP+1EotYvqZsb3ecl5wi6Bfi6BJTUcNowp6cvspg0jXznRTKDjm/E7AdgFBVeAPVMNcKGsHMA==",
          "dev": true,
          "requires": {
            "ms": "2.0.0"
          }
        },
        "ms": {
          "version": "2.0.0",
          "resolved": "https://registry.npmjs.org/ms/-/ms-2.0.0.tgz",
          "integrity": "sha1-VgiurfwAvmwpAd9fmGF4jeDVl8g=",
          "dev": true
        }
      }
    },
    "eslint-plugin-import": {
      "version": "2.8.0",
      "resolved": "https://registry.npmjs.org/eslint-plugin-import/-/eslint-plugin-import-2.8.0.tgz",
      "integrity": "sha512-Rf7dfKJxZ16QuTgVv1OYNxkZcsu/hULFnC+e+w0Gzi6jMC3guQoWQgxYxc54IDRinlb6/0v5z/PxxIKmVctN+g==",
      "dev": true,
      "requires": {
        "builtin-modules": "1.1.1",
        "contains-path": "0.1.0",
        "debug": "2.6.9",
        "doctrine": "1.5.0",
        "eslint-import-resolver-node": "0.3.1",
        "eslint-module-utils": "2.1.1",
        "has": "1.0.1",
        "lodash.cond": "4.5.2",
        "minimatch": "3.0.4",
        "read-pkg-up": "2.0.0"
      },
      "dependencies": {
        "debug": {
          "version": "2.6.9",
          "resolved": "https://registry.npmjs.org/debug/-/debug-2.6.9.tgz",
          "integrity": "sha512-bC7ElrdJaJnPbAP+1EotYvqZsb3ecl5wi6Bfi6BJTUcNowp6cvspg0jXznRTKDjm/E7AdgFBVeAPVMNcKGsHMA==",
          "dev": true,
          "requires": {
            "ms": "2.0.0"
          }
        },
        "ms": {
          "version": "2.0.0",
          "resolved": "https://registry.npmjs.org/ms/-/ms-2.0.0.tgz",
          "integrity": "sha1-VgiurfwAvmwpAd9fmGF4jeDVl8g=",
          "dev": true
        }
      }
    },
    "eslint-plugin-node": {
      "version": "5.2.1",
      "resolved": "https://registry.npmjs.org/eslint-plugin-node/-/eslint-plugin-node-5.2.1.tgz",
      "integrity": "sha512-xhPXrh0Vl/b7870uEbaumb2Q+LxaEcOQ3kS1jtIXanBAwpMre1l5q/l2l/hESYJGEFKuI78bp6Uw50hlpr7B+g==",
      "dev": true,
      "requires": {
        "ignore": "3.3.7",
        "minimatch": "3.0.4",
        "resolve": "1.5.0",
        "semver": "5.3.0"
      },
      "dependencies": {
        "semver": {
          "version": "5.3.0",
          "resolved": "https://registry.npmjs.org/semver/-/semver-5.3.0.tgz",
          "integrity": "sha1-myzl094C0XxgEq0yaqa00M9U+U8=",
          "dev": true
        }
      }
    },
    "eslint-plugin-promise": {
      "version": "3.6.0",
      "resolved": "https://registry.npmjs.org/eslint-plugin-promise/-/eslint-plugin-promise-3.6.0.tgz",
      "integrity": "sha512-YQzM6TLTlApAr7Li8vWKR+K3WghjwKcYzY0d2roWap4SLK+kzuagJX/leTetIDWsFcTFnKNJXWupDCD6aZkP2Q==",
      "dev": true
    },
    "eslint-plugin-standard": {
      "version": "3.0.1",
      "resolved": "https://registry.npmjs.org/eslint-plugin-standard/-/eslint-plugin-standard-3.0.1.tgz",
      "integrity": "sha1-NNDJFbRe3G8BA5PH7vOCOwhWXPI=",
      "dev": true
    },
    "esutils": {
      "version": "2.0.2",
      "resolved": "https://registry.npmjs.org/esutils/-/esutils-2.0.2.tgz",
      "integrity": "sha1-Cr9PHKpbyx96nYrMbepPqqBLrJs=",
      "dev": true
    },
    "etag": {
      "version": "1.4.0",
      "resolved": "https://registry.npmjs.org/etag/-/etag-1.4.0.tgz",
      "integrity": "sha1-MFCZFhWFdwfAQRnQdbogiOBwEiU=",
      "requires": {
        "crc": "3.0.0"
      }
    },
    "express": {
      "version": "4.9.8",
      "resolved": "https://registry.npmjs.org/express/-/express-4.9.8.tgz",
      "integrity": "sha1-82D1lrrqu9DlIjtgPW61eNnS0Q0=",
      "requires": {
        "accepts": "1.1.4",
        "cookie": "0.1.2",
        "cookie-signature": "1.0.5",
        "debug": "2.0.0",
        "depd": "0.4.5",
        "escape-html": "1.0.1",
        "etag": "1.4.0",
        "finalhandler": "0.2.0",
        "fresh": "0.2.4",
        "media-typer": "0.3.0",
        "merge-descriptors": "0.0.2",
        "methods": "1.1.0",
        "on-finished": "2.1.1",
        "parseurl": "1.3.2",
        "path-to-regexp": "0.1.3",
        "proxy-addr": "1.0.10",
        "qs": "2.2.4",
        "range-parser": "1.0.3",
        "send": "0.9.3",
        "serve-static": "1.6.5",
        "type-is": "1.5.7",
        "utils-merge": "1.0.0",
        "vary": "1.0.1"
      }
    },
    "finalhandler": {
      "version": "0.2.0",
      "resolved": "https://registry.npmjs.org/finalhandler/-/finalhandler-0.2.0.tgz",
      "integrity": "sha1-eUCCQksX9qSyoO2jn522lI7kvo0=",
      "requires": {
        "debug": "2.0.0",
        "escape-html": "1.0.1"
      }
    },
    "find-up": {
      "version": "1.1.2",
      "resolved": "https://registry.npmjs.org/find-up/-/find-up-1.1.2.tgz",
      "integrity": "sha1-ay6YIrGizgpgq2TWEOzK1TyyTQ8=",
      "dev": true,
      "requires": {
        "path-exists": "2.1.0",
        "pinkie-promise": "2.0.1"
      }
    },
    "forwarded": {
      "version": "0.1.2",
      "resolved": "https://registry.npmjs.org/forwarded/-/forwarded-0.1.2.tgz",
      "integrity": "sha1-mMI9qxF1ZXuMBXPozszZGw/xjIQ="
    },
    "fresh": {
      "version": "0.2.4",
      "resolved": "https://registry.npmjs.org/fresh/-/fresh-0.2.4.tgz",
      "integrity": "sha1-NYJJkgbJcjcUGQ7ddLRgT+tKYUw="
    },
    "function-bind": {
      "version": "1.1.1",
      "resolved": "https://registry.npmjs.org/function-bind/-/function-bind-1.1.1.tgz",
      "integrity": "sha512-yIovAzMX49sF8Yl58fSCWJ5svSLuaibPxXQJFLmBObTuCr0Mf1KiPopGM9NiFjiYBCbfaa2Fh6breQ6ANVTI0A==",
      "dev": true
    },
    "graceful-fs": {
      "version": "4.1.11",
      "resolved": "https://registry.npmjs.org/graceful-fs/-/graceful-fs-4.1.11.tgz",
      "integrity": "sha1-Dovf5NHduIVNZOBOp8AOKgJuVlg=",
      "dev": true
    },
    "has": {
      "version": "1.0.1",
      "resolved": "https://registry.npmjs.org/has/-/has-1.0.1.tgz",
      "integrity": "sha1-hGFzP1OLCDfJNh45qauelwTcLyg=",
      "dev": true,
      "requires": {
        "function-bind": "1.1.1"
      }
    },
    "hosted-git-info": {
      "version": "2.5.0",
      "resolved": "https://registry.npmjs.org/hosted-git-info/-/hosted-git-info-2.5.0.tgz",
      "integrity": "sha512-pNgbURSuab90KbTqvRPsseaTxOJCZBD0a7t+haSN33piP9cCM4l0CqdzAif2hUqm716UovKB2ROmiabGAKVXyg==",
      "dev": true
    },
    "ignore": {
      "version": "3.3.7",
      "resolved": "https://registry.npmjs.org/ignore/-/ignore-3.3.7.tgz",
      "integrity": "sha512-YGG3ejvBNHRqu0559EOxxNFihD0AjpvHlC/pdGKd3X3ofe+CoJkYazwNJYTNebqpPKN+VVQbh4ZFn1DivMNuHA==",
      "dev": true
    },
    "interval-notation": {
      "version": "0.1.0",
      "resolved": "https://registry.npmjs.org/interval-notation/-/interval-notation-0.1.0.tgz",
      "integrity": "sha1-jSNbCKtLhIxqUfx8fhTnCYJloUY="
    },
    "ipaddr.js": {
      "version": "1.0.5",
      "resolved": "https://registry.npmjs.org/ipaddr.js/-/ipaddr.js-1.0.5.tgz",
      "integrity": "sha1-X6eM8wG4JceKvDBC2BJyMEnqI8c="
    },
    "is-arrayish": {
      "version": "0.2.1",
      "resolved": "https://registry.npmjs.org/is-arrayish/-/is-arrayish-0.2.1.tgz",
      "integrity": "sha1-d8mYQFJ6qOyxqLppe4BkWnqSap0=",
      "dev": true
    },
    "is-builtin-module": {
      "version": "1.0.0",
      "resolved": "https://registry.npmjs.org/is-builtin-module/-/is-builtin-module-1.0.0.tgz",
      "integrity": "sha1-VAVy0096wxGfj3bDDLwbHgN6/74=",
      "dev": true,
      "requires": {
        "builtin-modules": "1.1.1"
      }
    },
    "isarray": {
      "version": "1.0.0",
      "resolved": "https://registry.npmjs.org/isarray/-/isarray-1.0.0.tgz",
      "integrity": "sha1-u5NdSFgsuhaMBoNJV6VKPgcSTxE=",
      "dev": true
    },
    "jsmidgen": {
      "version": "0.1.5",
      "resolved": "https://registry.npmjs.org/jsmidgen/-/jsmidgen-0.1.5.tgz",
      "integrity": "sha1-rQr9Y3XrEvUQZAJTk847rsOAWF0=",
      "dev": true
    },
    "load-json-file": {
      "version": "2.0.0",
      "resolved": "https://registry.npmjs.org/load-json-file/-/load-json-file-2.0.0.tgz",
      "integrity": "sha1-eUfkIUmvgNaWy/eXvKq8/h/inKg=",
      "dev": true,
      "requires": {
        "graceful-fs": "4.1.11",
        "parse-json": "2.2.0",
        "pify": "2.3.0",
        "strip-bom": "3.0.0"
      }
    },
    "locate-path": {
      "version": "2.0.0",
      "resolved": "https://registry.npmjs.org/locate-path/-/locate-path-2.0.0.tgz",
      "integrity": "sha1-K1aLJl7slExtnA3pw9u7ygNUzY4=",
      "dev": true,
      "requires": {
        "p-locate": "2.0.0",
        "path-exists": "3.0.0"
      },
      "dependencies": {
        "path-exists": {
          "version": "3.0.0",
          "resolved": "https://registry.npmjs.org/path-exists/-/path-exists-3.0.0.tgz",
          "integrity": "sha1-zg6+ql94yxiSXqfYENe1mwEP1RU=",
          "dev": true
        }
      }
    },
    "lodash.cond": {
      "version": "4.5.2",
      "resolved": "https://registry.npmjs.org/lodash.cond/-/lodash.cond-4.5.2.tgz",
      "integrity": "sha1-9HGh2khr5g9quVXRcRVSPdHSVdU=",
      "dev": true
    },
    "media-typer": {
      "version": "0.3.0",
      "resolved": "https://registry.npmjs.org/media-typer/-/media-typer-0.3.0.tgz",
      "integrity": "sha1-hxDXrwqmJvj/+hzgAWhUUmMlV0g="
    },
    "merge-descriptors": {
      "version": "0.0.2",
      "resolved": "https://registry.npmjs.org/merge-descriptors/-/merge-descriptors-0.0.2.tgz",
      "integrity": "sha1-w2pSp4FDdRPFcnXzndnTF1FKyMc="
    },
    "methods": {
      "version": "1.1.0",
      "resolved": "https://registry.npmjs.org/methods/-/methods-1.1.0.tgz",
      "integrity": "sha1-XcpO4S31L/OwVhRZhqjwHLyGQ28="
    },
    "midi-freq": {
      "version": "1.0.1",
      "resolved": "https://registry.npmjs.org/midi-freq/-/midi-freq-1.0.1.tgz",
      "integrity": "sha1-xGAVaNLZpIJqgFLfaGr0vCKn3gc="
    },
    "midi-note": {
      "version": "1.0.0",
      "resolved": "https://registry.npmjs.org/midi-note/-/midi-note-1.0.0.tgz",
      "integrity": "sha1-++hy3bca2jsGuz5vTYMATdSHvb0="
    },
    "midiutils": {
      "version": "0.0.4",
      "resolved": "https://registry.npmjs.org/midiutils/-/midiutils-0.0.4.tgz",
      "integrity": "sha1-TkKQC8RW1lzx33zgxX9wANjiimU=",
      "dev": true
    },
    "mime": {
      "version": "1.2.11",
      "resolved": "https://registry.npmjs.org/mime/-/mime-1.2.11.tgz",
      "integrity": "sha1-WCA+7Ybjpe8XrtK32evUfwpg3RA="
    },
    "mime-db": {
      "version": "1.12.0",
      "resolved": "https://registry.npmjs.org/mime-db/-/mime-db-1.12.0.tgz",
      "integrity": "sha1-PQxjGA9FjrENMlqqN9fFiuMS6dc="
    },
    "mime-types": {
      "version": "2.0.14",
      "resolved": "https://registry.npmjs.org/mime-types/-/mime-types-2.0.14.tgz",
      "integrity": "sha1-MQ4VnbI+B3+Lsit0jav6SVcUCqY=",
      "requires": {
        "mime-db": "1.12.0"
      }
    },
    "minimatch": {
      "version": "3.0.4",
      "resolved": "https://registry.npmjs.org/minimatch/-/minimatch-3.0.4.tgz",
      "integrity": "sha512-yJHVQEhyqPLUTgt9B83PXu6W3rx4MvvHvSUvToogpwoGDOUQ+yDrR0HRot+yOCdCO7u4hX3pWft6kWBBcqh0UA==",
      "dev": true,
      "requires": {
        "brace-expansion": "1.1.8"
      }
    },
    "ms": {
      "version": "0.6.2",
      "resolved": "https://registry.npmjs.org/ms/-/ms-0.6.2.tgz",
      "integrity": "sha1-2JwhJMb9wTU9Zai3e/GqxLGTcIw="
    },
    "music-chord": {
      "version": "1.2.1",
      "resolved": "https://registry.npmjs.org/music-chord/-/music-chord-1.2.1.tgz",
      "integrity": "sha1-pytVOB/SBULitVzzYOPpiEejL1s=",
      "requires": {
        "chord-dictionary": "1.0.0",
        "music-notation": "1.0.1",
        "note-harmonizer": "1.0.4"
      }
    },
    "music-dictionary": {
      "version": "0.2.2",
      "resolved": "https://registry.npmjs.org/music-dictionary/-/music-dictionary-0.2.2.tgz",
      "integrity": "sha1-DDGbd25z3PZGX76HQbPGZS9/KNU=",
      "requires": {
        "music-notation": "1.0.1",
        "note-transposer": "1.0.4"
      }
    },
    "music-gamut": {
      "version": "0.8.1",
      "resolved": "https://registry.npmjs.org/music-gamut/-/music-gamut-0.8.1.tgz",
      "integrity": "sha1-nbnUO/gZNsKiRnzRrV58cmwlceM=",
      "requires": {
        "music-notation": "1.0.1"
      }
    },
    "music-key": {
      "version": "0.1.1",
      "resolved": "https://registry.npmjs.org/music-key/-/music-key-0.1.1.tgz",
      "integrity": "sha1-ugEGEy0hH/Vgy450d/RePwCXjmU=",
      "requires": {
        "music-notation": "1.0.1",
        "note-interval": "1.0.3",
        "note-transposer": "1.0.4"
      }
    },
    "music-notation": {
      "version": "1.0.1",
      "resolved": "https://registry.npmjs.org/music-notation/-/music-notation-1.0.1.tgz",
      "integrity": "sha1-M+kDS2n/Ann4Tpx9Li49EJO2qvk="
    },
    "music-scale": {
      "version": "1.2.0",
      "resolved": "https://registry.npmjs.org/music-scale/-/music-scale-1.2.0.tgz",
      "integrity": "sha1-Un31YBBb5GFmqN+wg0CNaHYckeQ=",
      "requires": {
        "note-harmonizer": "1.0.4",
        "pitch-set": "1.1.0",
        "scale-dictionary": "1.0.0"
      }
    },
    "negotiator": {
      "version": "0.4.9",
      "resolved": "https://registry.npmjs.org/negotiator/-/negotiator-0.4.9.tgz",
      "integrity": "sha1-kuRrbbU8fkIe1koryU8IvnYw3z8="
    },
    "normalize-package-data": {
      "version": "2.4.0",
      "resolved": "https://registry.npmjs.org/normalize-package-data/-/normalize-package-data-2.4.0.tgz",
      "integrity": "sha512-9jjUFbTPfEy3R/ad/2oNbKtW9Hgovl5O1FvFWKkKblNXoN/Oou6+9+KKohPK13Yc3/TyunyWhJp6gvRNR/PPAw==",
      "dev": true,
      "requires": {
        "hosted-git-info": "2.5.0",
        "is-builtin-module": "1.0.0",
        "semver": "5.4.1",
        "validate-npm-package-license": "3.0.1"
      }
    },
    "note-harmonizer": {
      "version": "1.0.4",
      "resolved": "https://registry.npmjs.org/note-harmonizer/-/note-harmonizer-1.0.4.tgz",
      "integrity": "sha1-1gADsj24VGeZVx0zRjGESdts8G4=",
      "requires": {
        "music-gamut": "0.9.2",
        "music-notation": "1.0.1",
        "note-interval": "1.0.3",
        "note-transposer": "1.0.4"
      },
      "dependencies": {
        "music-gamut": {
          "version": "0.9.2",
          "resolved": "https://registry.npmjs.org/music-gamut/-/music-gamut-0.9.2.tgz",
          "integrity": "sha1-FgU92S8eUfd22egJxG9xYlyBD50=",
          "requires": {
            "music-notation": "1.0.1"
          }
        }
      }
    },
    "note-interval": {
      "version": "1.0.3",
      "resolved": "https://registry.npmjs.org/note-interval/-/note-interval-1.0.3.tgz",
      "integrity": "sha1-HMno5f6ZkdPffBVFhP8DO3ZW6To=",
      "requires": {
        "music-notation": "1.0.1"
      }
    },
    "note-midi": {
      "version": "1.0.2",
      "resolved": "https://registry.npmjs.org/note-midi/-/note-midi-1.0.2.tgz",
      "integrity": "sha1-AMZADSyoUA74Oq2WC1YpRDnAgHw=",
      "requires": {
        "music-notation": "1.0.1"
      }
    },
    "note-parser": {
      "version": "1.1.0",
      "resolved": "https://registry.npmjs.org/note-parser/-/note-parser-1.1.0.tgz",
      "integrity": "sha1-EunxflFFDsmU8TZKAZgsImZ7jms="
    },
    "note-transposer": {
      "version": "1.0.4",
      "resolved": "https://registry.npmjs.org/note-transposer/-/note-transposer-1.0.4.tgz",
      "integrity": "sha1-h4q9Ra1lddvz442xholvm69KBqY=",
      "requires": {
        "music-notation": "1.0.1"
      }
    },
    "on-finished": {
      "version": "2.1.1",
      "resolved": "https://registry.npmjs.org/on-finished/-/on-finished-2.1.1.tgz",
      "integrity": "sha1-+CyhyeOk8yhrG5k4YQ5bhja9PLI=",
      "requires": {
        "ee-first": "1.1.0"
      }
    },
    "p-limit": {
      "version": "1.1.0",
      "resolved": "https://registry.npmjs.org/p-limit/-/p-limit-1.1.0.tgz",
      "integrity": "sha1-sH/y2aXYi+yAYDWJWiurZqJ5iLw=",
      "dev": true
    },
    "p-locate": {
      "version": "2.0.0",
      "resolved": "https://registry.npmjs.org/p-locate/-/p-locate-2.0.0.tgz",
      "integrity": "sha1-IKAQOyIqcMj9OcwuWAaA893l7EM=",
      "dev": true,
      "requires": {
        "p-limit": "1.1.0"
      }
    },
    "parse-json": {
      "version": "2.2.0",
      "resolved": "https://registry.npmjs.org/parse-json/-/parse-json-2.2.0.tgz",
      "integrity": "sha1-9ID0BDTvgHQfhGkJn43qGPVaTck=",
      "dev": true,
      "requires": {
        "error-ex": "1.3.1"
      }
    },
    "parseurl": {
      "version": "1.3.2",
      "resolved": "https://registry.npmjs.org/parseurl/-/parseurl-1.3.2.tgz",
      "integrity": "sha1-/CidTtiZMRlGDBViUyYs3I3mW/M="
    },
    "path-exists": {
      "version": "2.1.0",
      "resolved": "https://registry.npmjs.org/path-exists/-/path-exists-2.1.0.tgz",
      "integrity": "sha1-D+tsZPD8UY2adU3V77YscCJ2H0s=",
      "dev": true,
      "requires": {
        "pinkie-promise": "2.0.1"
      }
    },
    "path-parse": {
      "version": "1.0.5",
      "resolved": "https://registry.npmjs.org/path-parse/-/path-parse-1.0.5.tgz",
      "integrity": "sha1-PBrfhx6pzWyUMbbqK9dKD/BVxME=",
      "dev": true
    },
    "path-to-regexp": {
      "version": "0.1.3",
      "resolved": "https://registry.npmjs.org/path-to-regexp/-/path-to-regexp-0.1.3.tgz",
      "integrity": "sha1-IbmrgidCed4lsVbqCP0SylG4rss="
    },
    "path-type": {
      "version": "2.0.0",
      "resolved": "https://registry.npmjs.org/path-type/-/path-type-2.0.0.tgz",
      "integrity": "sha1-8BLMuEFbcJb8LaoQVMPXI4lZTHM=",
      "dev": true,
      "requires": {
        "pify": "2.3.0"
      }
    },
    "pify": {
      "version": "2.3.0",
      "resolved": "https://registry.npmjs.org/pify/-/pify-2.3.0.tgz",
      "integrity": "sha1-7RQaasBDqEnqWISY59yosVMw6Qw=",
      "dev": true
    },
    "pinkie": {
      "version": "2.0.4",
      "resolved": "https://registry.npmjs.org/pinkie/-/pinkie-2.0.4.tgz",
      "integrity": "sha1-clVrgM+g1IqXToDnckjoDtT3+HA=",
      "dev": true
    },
    "pinkie-promise": {
      "version": "2.0.1",
      "resolved": "https://registry.npmjs.org/pinkie-promise/-/pinkie-promise-2.0.1.tgz",
      "integrity": "sha1-ITXW36ejWMBprJsXh3YogihFD/o=",
      "dev": true,
      "requires": {
        "pinkie": "2.0.4"
      }
    },
    "pitch-set": {
      "version": "1.1.0",
      "resolved": "https://registry.npmjs.org/pitch-set/-/pitch-set-1.1.0.tgz",
      "integrity": "sha1-R9IrTQe0Ui9E6eoif850RBkgWcA=",
      "requires": {
        "music-gamut": "0.9.2",
        "pitch-sort": "1.0.1"
      },
      "dependencies": {
        "music-gamut": {
          "version": "0.9.2",
          "resolved": "https://registry.npmjs.org/music-gamut/-/music-gamut-0.9.2.tgz",
          "integrity": "sha1-FgU92S8eUfd22egJxG9xYlyBD50=",
          "requires": {
            "music-notation": "1.0.1"
          }
        }
      }
    },
    "pitch-sort": {
      "version": "1.0.1",
      "resolved": "https://registry.npmjs.org/pitch-sort/-/pitch-sort-1.0.1.tgz",
      "integrity": "sha1-+O3BVllo3ZZWi3YKIxqRBsIsAjQ=",
      "requires": {
        "music-gamut": "0.9.2"
      },
      "dependencies": {
        "music-gamut": {
          "version": "0.9.2",
          "resolved": "https://registry.npmjs.org/music-gamut/-/music-gamut-0.9.2.tgz",
          "integrity": "sha1-FgU92S8eUfd22egJxG9xYlyBD50=",
          "requires": {
            "music-notation": "1.0.1"
          }
        }
      }
    },
    "pkg-dir": {
      "version": "1.0.0",
      "resolved": "https://registry.npmjs.org/pkg-dir/-/pkg-dir-1.0.0.tgz",
      "integrity": "sha1-ektQio1bstYp1EcFb/TpyTFM89Q=",
      "dev": true,
      "requires": {
        "find-up": "1.1.2"
      }
    },
    "proxy-addr": {
      "version": "1.0.10",
      "resolved": "https://registry.npmjs.org/proxy-addr/-/proxy-addr-1.0.10.tgz",
      "integrity": "sha1-DUCoL4Afw1VWfS7LZe/j8HfxIcU=",
      "requires": {
        "forwarded": "0.1.2",
        "ipaddr.js": "1.0.5"
      }
    },
    "qs": {
      "version": "2.2.4",
      "resolved": "https://registry.npmjs.org/qs/-/qs-2.2.4.tgz",
      "integrity": "sha1-Lp+800tUDjQhySTs0B6QqpdTGcg="
    },
    "range-parser": {
      "version": "1.0.3",
      "resolved": "https://registry.npmjs.org/range-parser/-/range-parser-1.0.3.tgz",
      "integrity": "sha1-aHKCNTXGkuLCoBA4Jq/YLC4P8XU="
    },
    "read-pkg": {
      "version": "2.0.0",
      "resolved": "https://registry.npmjs.org/read-pkg/-/read-pkg-2.0.0.tgz",
      "integrity": "sha1-jvHAYjxqbbDcZxPEv6xGMysjaPg=",
      "dev": true,
      "requires": {
        "load-json-file": "2.0.0",
        "normalize-package-data": "2.4.0",
        "path-type": "2.0.0"
      }
    },
    "read-pkg-up": {
      "version": "2.0.0",
      "resolved": "https://registry.npmjs.org/read-pkg-up/-/read-pkg-up-2.0.0.tgz",
      "integrity": "sha1-a3KoBImE4MQeeVEP1en6mbO1Sb4=",
      "dev": true,
      "requires": {
        "find-up": "2.1.0",
        "read-pkg": "2.0.0"
      },
      "dependencies": {
        "find-up": {
          "version": "2.1.0",
          "resolved": "https://registry.npmjs.org/find-up/-/find-up-2.1.0.tgz",
          "integrity": "sha1-RdG35QbHF93UgndaK3eSCjwMV6c=",
          "dev": true,
          "requires": {
            "locate-path": "2.0.0"
          }
        }
      }
    },
    "resolve": {
      "version": "1.5.0",
      "resolved": "https://registry.npmjs.org/resolve/-/resolve-1.5.0.tgz",
      "integrity": "sha512-hgoSGrc3pjzAPHNBg+KnFcK2HwlHTs/YrAGUr6qgTVUZmXv1UEXXl0bZNBKMA9fud6lRYFdPGz0xXxycPzmmiw==",
      "dev": true,
      "requires": {
        "path-parse": "1.0.5"
      }
    },
    "scale-dictionary": {
      "version": "1.0.0",
      "resolved": "https://registry.npmjs.org/scale-dictionary/-/scale-dictionary-1.0.0.tgz",
      "integrity": "sha1-qswyy5evPX+Nzon8MJ/9wZ++oTg="
    },
    "semver": {
      "version": "5.4.1",
      "resolved": "https://registry.npmjs.org/semver/-/semver-5.4.1.tgz",
      "integrity": "sha512-WfG/X9+oATh81XtllIo/I8gOiY9EXRdv1cQdyykeXK17YcUW3EXUAi2To4pcH6nZtJPr7ZOpM5OMyWJZm+8Rsg==",
      "dev": true
    },
    "send": {
      "version": "0.9.3",
      "resolved": "https://registry.npmjs.org/send/-/send-0.9.3.tgz",
      "integrity": "sha1-tDp0FM0Im3++ybdVJG98N7e4XMA=",
      "requires": {
        "debug": "2.0.0",
        "depd": "0.4.5",
        "destroy": "1.0.3",
        "escape-html": "1.0.1",
        "etag": "1.4.0",
        "fresh": "0.2.4",
        "mime": "1.2.11",
        "ms": "0.6.2",
        "on-finished": "2.1.0",
        "range-parser": "1.0.3"
      },
      "dependencies": {
        "ee-first": {
          "version": "1.0.5",
          "resolved": "https://registry.npmjs.org/ee-first/-/ee-first-1.0.5.tgz",
          "integrity": "sha1-jJshKJjYzZ8alDZlDOe+ICyen/A="
        },
        "on-finished": {
          "version": "2.1.0",
          "resolved": "https://registry.npmjs.org/on-finished/-/on-finished-2.1.0.tgz",
          "integrity": "sha1-DFOfCSkej/rd4MiiWFD7LO3HAi0=",
          "requires": {
            "ee-first": "1.0.5"
          }
        }
      }
    },
    "serve-static": {
      "version": "1.6.5",
      "resolved": "https://registry.npmjs.org/serve-static/-/serve-static-1.6.5.tgz",
      "integrity": "sha1-rKF+DerEqHcp9geHgbfSf2OqPZw=",
      "requires": {
        "escape-html": "1.0.1",
        "parseurl": "1.3.2",
        "send": "0.9.3",
        "utils-merge": "1.0.0"
      }
    },
    "spdx-correct": {
      "version": "1.0.2",
      "resolved": "https://registry.npmjs.org/spdx-correct/-/spdx-correct-1.0.2.tgz",
      "integrity": "sha1-SzBz2TP/UfORLwOsVRlJikFQ20A=",
      "dev": true,
      "requires": {
        "spdx-license-ids": "1.2.2"
      }
    },
    "spdx-expression-parse": {
      "version": "1.0.4",
      "resolved": "https://registry.npmjs.org/spdx-expression-parse/-/spdx-expression-parse-1.0.4.tgz",
      "integrity": "sha1-m98vIOH0DtRH++JzJmGR/O1RYmw=",
      "dev": true
    },
    "spdx-license-ids": {
      "version": "1.2.2",
      "resolved": "https://registry.npmjs.org/spdx-license-ids/-/spdx-license-ids-1.2.2.tgz",
      "integrity": "sha1-yd96NCRZSt5r0RkA1ZZpbcBrrFc=",
      "dev": true
    },
    "strip-bom": {
      "version": "3.0.0",
      "resolved": "https://registry.npmjs.org/strip-bom/-/strip-bom-3.0.0.tgz",
      "integrity": "sha1-IzTBjpx1n3vdVv3vfprj1YjmjtM=",
      "dev": true
    },
    "tonal": {
      "version": "0.32.1",
      "resolved": "https://registry.npmjs.org/tonal/-/tonal-0.32.1.tgz",
      "integrity": "sha1-DWnVRL3muFRyz2PxCtZ0DbqacWE=",
      "requires": {
        "enharmonics": "1.0.3",
        "midi-freq": "1.0.1",
        "midi-note": "1.0.0",
        "music-chord": "1.2.1",
        "music-dictionary": "0.2.2",
        "music-gamut": "0.8.1",
        "music-key": "0.1.1",
        "music-notation": "1.0.1",
        "music-scale": "1.2.0",
        "note-harmonizer": "1.0.4",
        "note-interval": "1.0.3",
        "note-midi": "1.0.2",
        "note-transposer": "1.0.4",
        "pitch-set": "1.1.0"
      }
    },
    "tonal-array": {
      "version": "0.50.7",
      "resolved": "https://registry.npmjs.org/tonal-array/-/tonal-array-0.50.7.tgz",
      "integrity": "sha1-aeN6w50xDw0lRjvMd8Cx3eiCS6A=",
      "requires": {
        "as-arr": "1.0.0",
        "tonal-distance": "0.50.2",
        "tonal-pitch": "0.51.1",
        "tonal-transpose": "0.50.5"
      }
    },
    "tonal-chord": {
      "version": "0.50.2",
      "resolved": "https://registry.npmjs.org/tonal-chord/-/tonal-chord-0.50.2.tgz",
      "integrity": "sha1-znJa1vBMi4zi5+lbLUBETQE3gP0=",
      "requires": {
        "note-parser": "2.0.1",
        "tonal-array": "0.50.7",
        "tonal-dictionary": "0.50.0",
        "tonal-pitch": "0.51.1"
      },
      "dependencies": {
        "note-parser": {
          "version": "2.0.1",
          "resolved": "https://registry.npmjs.org/note-parser/-/note-parser-2.0.1.tgz",
          "integrity": "sha1-JDj9V6RolLQCs6IHF5hmASnI+8E="
        }
      }
    },
    "tonal-dictionary": {
      "version": "0.50.0",
      "resolved": "https://registry.npmjs.org/tonal-dictionary/-/tonal-dictionary-0.50.0.tgz",
      "integrity": "sha1-E3ZWJwDTcuShmeO9F2lk/nkb9ZY="
    },
    "tonal-distance": {
      "version": "0.50.2",
      "resolved": "https://registry.npmjs.org/tonal-distance/-/tonal-distance-0.50.2.tgz",
      "integrity": "sha1-1URL/m/4p7f8rlEobfI39E5H01c=",
      "requires": {
        "tonal-pitch": "0.50.3"
      },
      "dependencies": {
        "tonal-pitch": {
          "version": "0.50.3",
          "resolved": "https://registry.npmjs.org/tonal-pitch/-/tonal-pitch-0.50.3.tgz",
          "integrity": "sha1-JCSkLzsCZQkljhuRTF5wZ1eRi6Y=",
          "requires": {
            "interval-notation": "0.1.0",
            "note-parser": "1.1.0",
            "tonal-encoding": "0.50.1",
            "tonal-notation": "0.50.0"
          }
        }
      }
    },
    "tonal-encoding": {
      "version": "0.50.1",
      "resolved": "https://registry.npmjs.org/tonal-encoding/-/tonal-encoding-0.50.1.tgz",
      "integrity": "sha1-h/PHfoaHCdUIOd/EK/hrur8cRD8="
    },
    "tonal-notation": {
      "version": "0.50.0",
      "resolved": "https://registry.npmjs.org/tonal-notation/-/tonal-notation-0.50.0.tgz",
      "integrity": "sha1-M4f+qBatdv7TyZQ6JfMJWBzy3gk="
    },
    "tonal-pitch": {
      "version": "0.51.1",
      "resolved": "https://registry.npmjs.org/tonal-pitch/-/tonal-pitch-0.51.1.tgz",
      "integrity": "sha1-V5Dv3gbU/gic9xZd9+xV8NtX1dA=",
      "requires": {
        "interval-notation": "0.1.0",
        "note-parser": "2.0.1",
        "tonal-encoding": "0.50.1"
      },
      "dependencies": {
        "note-parser": {
          "version": "2.0.1",
          "resolved": "https://registry.npmjs.org/note-parser/-/note-parser-2.0.1.tgz",
          "integrity": "sha1-JDj9V6RolLQCs6IHF5hmASnI+8E="
        }
      }
    },
    "tonal-transpose": {
      "version": "0.50.5",
      "resolved": "https://registry.npmjs.org/tonal-transpose/-/tonal-transpose-0.50.5.tgz",
      "integrity": "sha1-TfdX7hPaNe+dCIcqvPV+xPTmKtU=",
      "requires": {
        "tonal-pitch": "0.51.1"
      }
    },
    "type-is": {
      "version": "1.5.7",
      "resolved": "https://registry.npmjs.org/type-is/-/type-is-1.5.7.tgz",
      "integrity": "sha1-uTaKWTzG730GReeLL0xky+zQXpA=",
      "requires": {
        "media-typer": "0.3.0",
        "mime-types": "2.0.14"
      }
    },
    "underscore": {
      "version": "1.8.3",
      "resolved": "https://registry.npmjs.org/underscore/-/underscore-1.8.3.tgz",
      "integrity": "sha1-Tz+1OxBuYJf8+ctBCfKl6b36UCI="
    },
    "utils-merge": {
      "version": "1.0.0",
      "resolved": "https://registry.npmjs.org/utils-merge/-/utils-merge-1.0.0.tgz",
      "integrity": "sha1-ApT7kiu5N1FTVBxPcJYjHyh8ivg="
    },
    "validate-npm-package-license": {
      "version": "3.0.1",
      "resolved": "https://registry.npmjs.org/validate-npm-package-license/-/validate-npm-package-license-3.0.1.tgz",
      "integrity": "sha1-KAS6vnEq0zeUWaz74kdGqywwP7w=",
      "dev": true,
      "requires": {
        "spdx-correct": "1.0.2",
        "spdx-expression-parse": "1.0.4"
      }
    },
    "vary": {
      "version": "1.0.1",
      "resolved": "https://registry.npmjs.org/vary/-/vary-1.0.1.tgz",
      "integrity": "sha1-meSYFWaihhGN+yuBc1ffeZM3bRA="
    }
  }
}
